
Microsoft Visual Studio Solution File, Format Version 12.00
# Visual Studio Version 17
VisualStudioVersion = 17.0.31903.59
MinimumVisualStudioVersion = 10.0.40219.1
Project("{2150E333-8FDC-42A3-9474-1A3956D46DE8}") = "src", "src", "{827E0CD3-B72D-47B6-A68D-7590B98EB39B}"
EndProject
Project("{FAE04EC0-301F-11D3-BF4B-00C04F79EFBC}") = "FashionSaaS.Domain", "src\FashionSaaS.Domain\FashionSaaS.Domain.csproj", "{75993C71-0BE5-47BE-A65D-515C154B46AD}"
EndProject
Project("{FAE04EC0-301F-11D3-BF4B-00C04F79EFBC}") = "FashionSaaS.Application", "src\FashionSaaS.Application\FashionSaaS.Application.csproj", "{734FE0BE-6ED1-46BD-AEA4-393CC1193508}"
EndProject
Project("{FAE04EC0-301F-11D3-BF4B-00C04F79EFBC}") = "FashionSaaS.Infrastructure", "src\FashionSaaS.Infrastructure\FashionSaaS.Infrastructure.csproj", "{D83AD079-96FD-4E59-ADD5-9BFF83072BDC}"
EndProject
Project("{FAE04EC0-301F-11D3-BF4B-00C04F79EFBC}") = "FashionSaaS.API", "src\FashionSaaS.API\FashionSaaS.API.csproj", "{10ECAEA9-977D-47A6-89BC-3BE0291B29BF}"
EndProject
Project("{2150E333-8FDC-42A3-9474-1A3956D46DE8}") = "tests", "tests", "{0AB3BF05-4346-4AA6-1389-037BE0695223}"
EndProject
Project("{FAE04EC0-301F-11D3-BF4B-00C04F79EFBC}") = "FashionSaaS.Domain.Tests", "tests\FashionSaaS.Domain.Tests\FashionSaaS.Domain.Tests.csproj", "{8933CA75-1366-4010-8529-AEAE96510EE8}"
EndProject
Project("{FAE04EC0-301F-11D3-BF4B-00C04F79EFBC}") = "FashionSaaS.Application.Tests", "tests\FashionSaaS.Application.Tests\FashionSaaS.Application.Tests.csproj", "{381CF780-3B14-4FBB-A92D-EED6CC59820E}"
EndProject
Project("{FAE04EC0-301F-11D3-BF4B-00C04F79EFBC}") = "FashionSaaS.Infrastructure.Tests", "tests\FashionSaaS.Infrastructure.Tests\FashionSaaS.Infrastructure.Tests.csproj", "{6B05838A-6231-4BF1-8A68-E31CBF35A377}"
EndProject
Global
	GlobalSection(SolutionConfigurationPlatforms) = preSolution
		Debug|Any CPU = Debug|Any CPU
		Debug|x64 = Debug|x64
		Debug|x86 = Debug|x86
		Release|Any CPU = Release|Any CPU
		Release|x64 = Release|x64
		Release|x86 = Release|x86
	EndGlobalSection
	GlobalSection(ProjectConfigurationPlatforms) = postSolution
		{75993C71-0BE5-47BE-A65D-515C154B46AD}.Debug|Any CPU.ActiveCfg = Debug|Any CPU
		{75993C71-0BE5-47BE-A65D-515C154B46AD}.Debug|Any CPU.Build.0 = Debug|Any CPU
		{75993C71-0BE5-47BE-A65D-515C154B46AD}.Debug|x64.ActiveCfg = Debug|Any CPU
		{75993C71-0BE5-47BE-A65D-515C154B46AD}.Debug|x64.Build.0 = Debug|Any CPU
		{75993C71-0BE5-47BE-A65D-515C154B46AD}.Debug|x86.ActiveCfg = Debug|Any CPU
		{75993C71-0BE5-47BE-A65D-515C154B46AD}.Debug|x86.Build.0 = Debug|Any CPU
		{75993C71-0BE5-47BE-A65D-515C154B46AD}.Release|Any CPU.ActiveCfg = Release|Any CPU
		{75993C71-0BE5-47BE-A65D-515C154B46AD}.Release|Any CPU.Build.0 = Release|Any CPU
		{75993C71-0BE5-47BE-A65D-515C154B46AD}.Release|x64.ActiveCfg = Release|Any CPU
		{75993C71-0BE5-47BE-A65D-515C154B46AD}.Release|x64.Build.0 = Release|Any CPU
		{75993C71-0BE5-47BE-A65D-515C154B46AD}.Release|x86.ActiveCfg = Release|Any CPU
		{75993C71-0BE5-47BE-A65D-515C154B46AD}.Release|x86.Build.0 = Release|Any CPU
		{734FE0BE-6ED1-46BD-AEA4-393CC1193508}.Debug|Any CPU.ActiveCfg = Debug|Any CPU
		{734FE0BE-6ED1-46BD-AEA4-393CC1193508}.Debug|Any CPU.Build.0 = Debug|Any CPU
		{734FE0BE-6ED1-46BD-AEA4-393CC1193508}.Debug|x64.ActiveCfg = Debug|Any CPU
		{734FE0BE-6ED1-46BD-AEA4-393CC1193508}.Debug|x64.Build.0 = Debug|Any CPU
		{734FE0BE-6ED1-46BD-AEA4-393CC1193508}.Debug|x86.ActiveCfg = Debug|Any CPU
		{734FE0BE-6ED1-46BD-AEA4-393CC1193508}.Debug|x86.Build.0 = Debug|Any CPU
		{734FE0BE-6ED1-46BD-AEA4-393CC1193508}.Release|Any CPU.ActiveCfg = Release|Any CPU
		{734FE0BE-6ED1-46BD-AEA4-393CC1193508}.Release|Any CPU.Build.0 = Release|Any CPU
		{734FE0BE-6ED1-46BD-AEA4-393CC1193508}.Release|x64.ActiveCfg = Release|Any CPU
		{734FE0BE-6ED1-46BD-AEA4-393CC1193508}.Release|x64.Build.0 = Release|Any CPU
		{734FE0BE-6ED1-46BD-AEA4-393CC1193508}.Release|x86.ActiveCfg = Release|Any CPU
		{734FE0BE-6ED1-46BD-AEA4-393CC1193508}.Release|x86.Build.0 = Release|Any CPU
		{D83AD079-96FD-4E59-ADD5-9BFF83072BDC}.Debug|Any CPU.ActiveCfg = Debug|Any CPU
		{D83AD079-96FD-4E59-ADD5-9BFF83072BDC}.Debug|Any CPU.Build.0 = Debug|Any CPU
		{D83AD079-96FD-4E59-ADD5-9BFF83072BDC}.Debug|x64.ActiveCfg = Debug|Any CPU
		{D83AD079-96FD-4E59-ADD5-9BFF83072BDC}.Debug|x64.Build.0 = Debug|Any CPU
		{D83AD079-96FD-4E59-ADD5-9BFF83072BDC}.Debug|x86.ActiveCfg = Debug|Any CPU
		{D83AD079-96FD-4E59-ADD5-9BFF83072BDC}.Debug|x86.Build.0 = Debug|Any CPU
		{D83AD079-96FD-4E59-ADD5-9BFF83072BDC}.Release|Any CPU.ActiveCfg = Release|Any CPU
		{D83AD079-96FD-4E59-ADD5-9BFF83072BDC}.Release|Any CPU.Build.0 = Release|Any CPU
		{D83AD079-96FD-4E59-ADD5-9BFF83072BDC}.Release|x64.ActiveCfg = Release|Any CPU
		{D83AD079-96FD-4E59-ADD5-9BFF83072BDC}.Release|x64.Build.0 = Release|Any CPU
		{D83AD079-96FD-4E59-ADD5-9BFF83072BDC}.Release|x86.ActiveCfg = Release|Any CPU
		{D83AD079-96FD-4E59-ADD5-9BFF83072BDC}.Release|x86.Build.0 = Release|Any CPU
		{10ECAEA9-977D-47A6-89BC-3BE0291B29BF}.Debug|Any CPU.ActiveCfg = Debug|Any CPU
		{10ECAEA9-977D-47A6-89BC-3BE0291B29BF}.Debug|Any CPU.Build.0 = Debug|Any CPU
		{10ECAEA9-977D-47A6-89BC-3BE0291B29BF}.Debug|x64.ActiveCfg = Debug|Any CPU
		{10ECAEA9-977D-47A6-89BC-3BE0291B29BF}.Debug|x64.Build.0 = Debug|Any CPU
		{10ECAEA9-977D-47A6-89BC-3BE0291B29BF}.Debug|x86.ActiveCfg = Debug|Any CPU
		{10ECAEA9-977D-47A6-89BC-3BE0291B29BF}.Debug|x86.Build.0 = Debug|Any CPU
		{10ECAEA9-977D-47A6-89BC-3BE0291B29BF}.Release|Any CPU.ActiveCfg = Release|Any CPU
		{10ECAEA9-977D-47A6-89BC-3BE0291B29BF}.Release|Any CPU.Build.0 = Release|Any CPU
		{10ECAEA9-977D-47A6-89BC-3BE0291B29BF}.Release|x64.ActiveCfg = Release|Any CPU
		{10ECAEA9-977D-47A6-89BC-3BE0291B29BF}.Release|x64.Build.0 = Release|Any CPU
		{10ECAEA9-977D-47A6-89BC-3BE0291B29BF}.Release|x86.ActiveCfg = Release|Any CPU
		{10ECAEA9-977D-47A6-89BC-3BE0291B29BF}.Release|x86.Build.0 = Release|Any CPU
		{8933CA75-1366-4010-8529-AEAE96510EE8}.Debug|Any CPU.ActiveCfg = Debug|Any CPU
		{8933CA75-1366-4010-8529-AEAE96510EE8}.Debug|Any CPU.Build.0 = Debug|Any CPU
		{8933CA75-1366-4010-8529-AEAE96510EE8}.Debug|x64.ActiveCfg = Debug|Any CPU
		{8933CA75-1366-4010-8529-AEAE96510EE8}.Debug|x64.Build.0 = Debug|Any CPU
		{8933CA75-1366-4010-8529-AEAE96510EE8}.Debug|x86.ActiveCfg = Debug|Any CPU
		{8933CA75-1366-4010-8529-AEAE96510EE8}.Debug|x86.Build.0 = Debug|Any CPU
		{8933CA75-1366-4010-8529-AEAE96510EE8}.Release|Any CPU.ActiveCfg = Release|Any CPU
		{8933CA75-1366-4010-8529-AEAE96510EE8}.Release|Any CPU.Build.0 = Release|Any CPU
		{8933CA75-1366-4010-8529-AEAE96510EE8}.Release|x64.ActiveCfg = Release|Any CPU
		{8933CA75-1366-4010-8529-AEAE96510EE8}.Release|x64.Build.0 = Release|Any CPU
		{8933CA75-1366-4010-8529-AEAE96510EE8}.Release|x86.ActiveCfg = Release|Any CPU
		{8933CA75-1366-4010-8529-AEAE96510EE8}.Release|x86.Build.0 = Release|Any CPU
		{381CF780-3B14-4FBB-A92D-EED6CC59820E}.Debug|Any CPU.ActiveCfg = Debug|Any CPU
		{381CF780-3B14-4FBB-A92D-EED6CC59820E}.Debug|Any CPU.Build.0 = Debug|Any CPU
		{381CF780-3B14-4FBB-A92D-EED6CC59820E}.Debug|x64.ActiveCfg = Debug|Any CPU
		{381CF780-3B14-4FBB-A92D-EED6CC59820E}.Debug|x64.Build.0 = Debug|Any CPU
		{381CF780-3B14-4FBB-A92D-EED6CC59820E}.Debug|x86.ActiveCfg = Debug|Any CPU
		{381CF780-3B14-4FBB-A92D-EED6CC59820E}.Debug|x86.Build.0 = Debug|Any CPU
		{381CF780-3B14-4FBB-A92D-EED6CC59820E}.Release|Any CPU.ActiveCfg = Release|Any CPU
		{381CF780-3B14-4FBB-A92D-EED6CC59820E}.Release|Any CPU.Build.0 = Release|Any CPU
		{381CF780-3B14-4FBB-A92D-EED6CC59820E}.Release|x64.ActiveCfg = Release|Any CPU
		{381CF780-3B14-4FBB-A92D-EED6CC59820E}.Release|x64.Build.0 = Release|Any CPU
		{381CF780-3B14-4FBB-A92D-EED6CC59820E}.Release|x86.ActiveCfg = Release|Any CPU
		{381CF780-3B14-4FBB-A92D-EED6CC59820E}.Release|x86.Build.0 = Release|Any CPU
		{6B05838A-6231-4BF1-8A68-E31CBF35A377}.Debug|Any CPU.ActiveCfg = Debug|Any CPU
		{6B05838A-6231-4BF1-8A68-E31CBF35A377}.Debug|Any CPU.Build.0 = Debug|Any CPU
		{6B05838A-6231-4BF1-8A68-E31CBF35A377}.Debug|x64.ActiveCfg = Debug|Any CPU
		{6B05838A-6231-4BF1-8A68-E31CBF35A377}.Debug|x64.Build.0 = Debug|Any CPU
		{6B05838A-6231-4BF1-8A68-E31CBF35A377}.Debug|x86.ActiveCfg = Debug|Any CPU
		{6B05838A-6231-4BF1-8A68-E31CBF35A377}.Debug|x86.Build.0 = Debug|Any CPU
		{6B05838A-6231-4BF1-8A68-E31CBF35A377}.Release|Any CPU.ActiveCfg = Release|Any CPU
		{6B05838A-6231-4BF1-8A68-E31CBF35A377}.Release|Any CPU.Build.0 = Release|Any CPU
		{6B05838A-6231-4BF1-8A68-E31CBF35A377}.Release|x64.ActiveCfg = Release|Any CPU
		{6B05838A-6231-4BF1-8A68-E31CBF35A377}.Release|x64.Build.0 = Release|Any CPU
		{6B05838A-6231-4BF1-8A68-E31CBF35A377}.Release|x86.ActiveCfg = Release|Any CPU
		{6B05838A-6231-4BF1-8A68-E31CBF35A377}.Release|x86.Build.0 = Release|Any CPU
	EndGlobalSection
	GlobalSection(SolutionProperties) = preSolution
		HideSolutionNode = FALSE
	EndGlobalSection
	GlobalSection(NestedProjects) = preSolution
		{75993C71-0BE5-47BE-A65D-515C154B46AD} = {827E0CD3-B72D-47B6-A68D-7590B98EB39B}
		{734FE0BE-6ED1-46BD-AEA4-393CC1193508} = {827E0CD3-B72D-47B6-A68D-7590B98EB39B}
		{D83AD079-96FD-4E59-ADD5-9BFF83072BDC} = {827E0CD3-B72D-47B6-A68D-7590B98EB39B}
		{10ECAEA9-977D-47A6-89BC-3BE0291B29BF} = {827E0CD3-B72D-47B6-A68D-7590B98EB39B}
		{8933CA75-1366-4010-8529-AEAE96510EE8} = {0AB3BF05-4346-4AA6-1389-037BE0695223}
		{381CF780-3B14-4FBB-A92D-EED6CC59820E} = {0AB3BF05-4346-4AA6-1389-037BE0695223}
		{6B05838A-6231-4BF1-8A68-E31CBF35A377} = {0AB3BF05-4346-4AA6-1389-037BE0695223}
	EndGlobalSection
EndGlobal
